{
  "originHash" : "e721da7f9826abdffcb6185e886155efa2514bd6234475f1afa893e29eb258d6",
  "pins" : [
    {
      "identity" : "cocoalumberjack",
      "kind" : "remoteSourceControl",
      "location" : "https://github.com/CocoaLumberjack/CocoaLumberjack",
      "state" : {
        "revision" : "c5f2ed4d219866117e135cf648180dc7b66739d3",
        "version" : "3.9.1"
      }
    },
    {
      "identity" : "sparkle",
      "kind" : "remoteSourceControl",
      "location" : "https://github.com/sparkle-project/Sparkle",
      "state" : {
        "revision" : "79bc9e872948e47877e76f194cb0c8e0412b0b90",
        "version" : "2.9.5"
      }
    },
    {
      "identity" : "swift-log",
      "kind" : "remoteSourceControl",
      "location" : "https://github.com/apple/swift-log",
      "state" : {
        "revision" : "5073617dac96330a486245e4c0179cb0a6fd2256",
        "version" : "1.12.0"
      }
    }
  ],
  "version" : 3
}
